
Microsoft Visual Studio Solution File, Format Version 12.00
# Visual Studio Version 17
VisualStudioVersion = 17.1.32414.318
MinimumVisualStudioVersion = 10.0.40219.1
Project("{9A19103F-16F7-4668-BE54-9A1E7A4F7556}") = "WastLibraryWeb", "WastLibraryWeb\WastLibraryWeb.csproj", "{E43958B1-B233-437F-8AC3-43377B5AF0A3}"
EndProject
Project("{FAE04EC0-301F-11D3-BF4B-00C04F79EFBC}") = "WastLibrary.DataAccess", "WastLibrary.DataAccess\WastLibrary.DataAccess.csproj", "{12F6D001-5344-47C6-9EE4-FBE489B7D599}"
EndProject
Project("{FAE04EC0-301F-11D3-BF4B-00C04F79EFBC}") = "WastLibrary.Models", "WastLibrary.Models\WastLibrary.Models.csproj", "{B3CD108B-F967-407F-9F83-8B86B68DF53A}"
EndProject
Project("{FAE04EC0-301F-11D3-BF4B-00C04F79EFBC}") = "WastLibrary.Utility", "WastLibrary.Utility\WastLibrary.Utility.csproj", "{D89DA190-6E03-4325-ABB0-081DAA648A5D}"
EndProject
Global
	GlobalSection(SolutionConfigurationPlatforms) = preSolution
		Debug|Any CPU = Debug|Any CPU
		Release|Any CPU = Release|Any CPU
	EndGlobalSection
	GlobalSection(ProjectConfigurationPlatforms) = postSolution
		{E43958B1-B233-437F-8AC3-43377B5AF0A3}.Debug|Any CPU.ActiveCfg = Debug|Any CPU
		{E43958B1-B233-437F-8AC3-43377B5AF0A3}.Debug|Any CPU.Build.0 = Debug|Any CPU
		{E43958B1-B233-437F-8AC3-43377B5AF0A3}.Release|Any CPU.ActiveCfg = Release|Any CPU
		{E43958B1-B233-437F-8AC3-43377B5AF0A3}.Release|Any CPU.Build.0 = Release|Any CPU
		{12F6D001-5344-47C6-9EE4-FBE489B7D599}.Debug|Any CPU.ActiveCfg = Debug|Any CPU
		{12F6D001-5344-47C6-9EE4-FBE489B7D599}.Debug|Any CPU.Build.0 = Debug|Any CPU
		{12F6D001-5344-47C6-9EE4-FBE489B7D599}.Release|Any CPU.ActiveCfg = Release|Any CPU
		{12F6D001-5344-47C6-9EE4-FBE489B7D599}.Release|Any CPU.Build.0 = Release|Any CPU
		{B3CD108B-F967-407F-9F83-8B86B68DF53A}.Debug|Any CPU.ActiveCfg = Debug|Any CPU
		{B3CD108B-F967-407F-9F83-8B86B68DF53A}.Debug|Any CPU.Build.0 = Debug|Any CPU
		{B3CD108B-F967-407F-9F83-8B86B68DF53A}.Release|Any CPU.ActiveCfg = Release|Any CPU
		{B3CD108B-F967-407F-9F83-8B86B68DF53A}.Release|Any CPU.Build.0 = Release|Any CPU
		{D89DA190-6E03-4325-ABB0-081DAA648A5D}.Debug|Any CPU.ActiveCfg = Debug|Any CPU
		{D89DA190-6E03-4325-ABB0-081DAA648A5D}.Debug|Any CPU.Build.0 = Debug|Any CPU
		{D89DA190-6E03-4325-ABB0-081DAA648A5D}.Release|Any CPU.ActiveCfg = Release|Any CPU
		{D89DA190-6E03-4325-ABB0-081DAA648A5D}.Release|Any CPU.Build.0 = Release|Any CPU
	EndGlobalSection
	GlobalSection(SolutionProperties) = preSolution
		HideSolutionNode = FALSE
	EndGlobalSection
	GlobalSection(ExtensibilityGlobals) = postSolution
		SolutionGuid = {69AB6897-00E8-4A24-A148-843E9BF80D9F}
	EndGlobalSection
EndGlobal
